
Microsoft Visual Studio Solution File, Format Version 12.00
# Visual Studio Version 16
VisualStudioVersion = 16.0.29411.108
MinimumVisualStudioVersion = 10.0.40219.1
Project("{FAE04EC0-301F-11D3-BF4B-00C04F79EFBC}") = "BlocksWorld_SPD", "BlocksWorld_SPD.csproj", "{1F0009A7-394F-4DA6-8262-4B57F7F2B357}"
EndProject
Project("{FAE04EC0-301F-11D3-BF4B-00C04F79EFBC}") = "EmbASP", "..\EmbASP-CSharp\EmbASP.csproj", "{9ABA2DDC-B57B-4B7A-98F8-B6C86CA43877}"
EndProject
Global
	GlobalSection(SolutionConfigurationPlatforms) = preSolution
		Debug|Any CPU = Debug|Any CPU
		Release|Any CPU = Release|Any CPU
	EndGlobalSection
	GlobalSection(ProjectConfigurationPlatforms) = postSolution
		{1F0009A7-394F-4DA6-8262-4B57F7F2B357}.Debug|Any CPU.ActiveCfg = Debug|Any CPU
		{1F0009A7-394F-4DA6-8262-4B57F7F2B357}.Debug|Any CPU.Build.0 = Debug|Any CPU
		{1F0009A7-394F-4DA6-8262-4B57F7F2B357}.Release|Any CPU.ActiveCfg = Release|Any CPU
		{1F0009A7-394F-4DA6-8262-4B57F7F2B357}.Release|Any CPU.Build.0 = Release|Any CPU
		{9ABA2DDC-B57B-4B7A-98F8-B6C86CA43877}.Debug|Any CPU.ActiveCfg = Debug|Any CPU
		{9ABA2DDC-B57B-4B7A-98F8-B6C86CA43877}.Debug|Any CPU.Build.0 = Debug|Any CPU
		{9ABA2DDC-B57B-4B7A-98F8-B6C86CA43877}.Release|Any CPU.ActiveCfg = Release|Any CPU
		{9ABA2DDC-B57B-4B7A-98F8-B6C86CA43877}.Release|Any CPU.Build.0 = Release|Any CPU
	EndGlobalSection
	GlobalSection(SolutionProperties) = preSolution
		HideSolutionNode = FALSE
	EndGlobalSection
	GlobalSection(ExtensibilityGlobals) = postSolution
		SolutionGuid = {6C418319-DEFC-4498-AA76-F32327EBF5C4}
	EndGlobalSection
EndGlobal
